{
  "name": "musselcracker",
  "lockfileVersion": 2,
  "requires": true,
  "packages": {
    "": {
      "dependencies": {
        "@angular/material-moment-adapter": "^13.3.4"
      }
    },
    "node_modules/@angular/animations": {
      "version": "13.3.4",
      "resolved": "https://registry.npmjs.org/@angular/animations/-/animations-13.3.4.tgz",
      "integrity": "sha512-cXjjbzYR2hda9BDAu0teJUVbbA03jJTK53vIYnDLIAvN20YRPo9LqINxpUlbAzH6hE8v5xF2LLnAXcaQROVpIw==",
      "peer": true,
      "dependencies": {
        "tslib": "^2.3.0"
      },
      "engines": {
        "node": "^12.20.0 || ^14.15.0 || >=16.10.0"
      },
      "peerDependencies": {
        "@angular/core": "13.3.4"
      }
    },
    "node_modules/@angular/cdk": {
      "version": "13.3.4",
      "resolved": "https://registry.npmjs.org/@angular/cdk/-/cdk-13.3.4.tgz",
      "integrity": "sha512-im4LKxJaIuqFVzmtf650PoiYsn/SZlvBV2zEgzusK8HwQ24C1Lya7NQSApwl8k43h4eKO1OvUKBjqL5uDgEQag==",
      "peer": true,
      "dependencies": {
        "tslib": "^2.3.0"
      },
      "optionalDependencies": {
        "parse5": "^5.0.0"
      },
      "peerDependencies": {
        "@angular/common": "^13.0.0 || ^14.0.0-0",
        "@angular/core": "^13.0.0 || ^14.0.0-0",
        "rxjs": "^6.5.3 || ^7.4.0"
      }
    },
    "node_modules/@angular/common": {
      "version": "13.3.4",
      "resolved": "https://registry.npmjs.org/@angular/common/-/common-13.3.4.tgz",
      "integrity": "sha512-vPZuUGWMXz6r30obBqH+iIG4Feq4YEK/4wUks7PEYGke8MXFPYsNKuHMhKCgYEhabD/4Mo4GEp3i18/3Kk72Mw==",
      "peer": true,
      "dependencies": {
        "tslib": "^2.3.0"
      },
      "engines": {
        "node": "^12.20.0 || ^14.15.0 || >=16.10.0"
      },
      "peerDependencies": {
        "@angular/core": "13.3.4",
        "rxjs": "^6.5.3 || ^7.4.0"
      }
    },
    "node_modules/@angular/core": {
      "version": "13.3.4",
      "resolved": "https://registry.npmjs.org/@angular/core/-/core-13.3.4.tgz",
      "integrity": "sha512-PqPwx9oaV0Bh0m0fdI2jtXUC6s04jfD4vyzB4sjEuRI9pRUnZ6M5hZ5Vn/KJVZyt411MevbJfqzUVf0W+GDZew==",
      "peer": true,
      "dependencies": {
        "tslib": "^2.3.0"
      },
      "engines": {
        "node": "^12.20.0 || ^14.15.0 || >=16.10.0"
      },
      "peerDependencies": {
        "rxjs": "^6.5.3 || ^7.4.0",
        "zone.js": "~0.11.4"
      }
    },
    "node_modules/@angular/forms": {
      "version": "13.3.4",
      "resolved": "https://registry.npmjs.org/@angular/forms/-/forms-13.3.4.tgz",
      "integrity": "sha512-QHyUXOKYITysaJJ4VnmBacE69oz0rw4G7Y2lhPb2V3a1XsWeO61SZEeGMfAWo7sLoDvi2MCEWNEhl1du4dK14A==",
      "peer": true,
      "dependencies": {
        "tslib": "^2.3.0"
      },
      "engines": {
        "node": "^12.20.0 || ^14.15.0 || >=16.10.0"
      },
      "peerDependencies": {
        "@angular/common": "13.3.4",
        "@angular/core": "13.3.4",
        "@angular/platform-browser": "13.3.4",
        "rxjs": "^6.5.3 || ^7.4.0"
      }
    },
    "node_modules/@angular/material": {
      "version": "13.3.4",
      "resolved": "https://registry.npmjs.org/@angular/material/-/material-13.3.4.tgz",
      "integrity": "sha512-jK9rWmBaPrE+3re6uIdyvG5DCzc47VUvnP1DqblNnpaa8GCKllb1cFRGqa5GPYB1/96d3wO+RPwzhC06qqV+yw==",
      "peer": true,
      "dependencies": {
        "tslib": "^2.3.0"
      },
      "peerDependencies": {
        "@angular/animations": "^13.0.0 || ^14.0.0-0",
        "@angular/cdk": "13.3.4",
        "@angular/common": "^13.0.0 || ^14.0.0-0",
        "@angular/core": "^13.0.0 || ^14.0.0-0",
        "@angular/forms": "^13.0.0 || ^14.0.0-0",
        "@angular/platform-browser": "^13.0.0 || ^14.0.0-0",
        "rxjs": "^6.5.3 || ^7.4.0"
      }
    },
    "node_modules/@angular/material-moment-adapter": {
      "version": "13.3.4",
      "resolved": "https://registry.npmjs.org/@angular/material-moment-adapter/-/material-moment-adapter-13.3.4.tgz",
      "integrity": "sha512-0g+n4xjmuoCgfTNTivD5tm0rSvrKEup+jxaNglL+NKFE8NDV4i5rn32r+B4CnSW8HpJJsera628tw2X7LB4MXQ==",
      "dependencies": {
        "tslib": "^2.3.0"
      },
      "peerDependencies": {
        "@angular/core": "^13.0.0 || ^14.0.0-0",
        "@angular/material": "13.3.4",
        "moment": "^2.18.1"
      }
    },
    "node_modules/@angular/platform-browser": {
      "version": "13.3.4",
      "resolved": "https://registry.npmjs.org/@angular/platform-browser/-/platform-browser-13.3.4.tgz",
      "integrity": "sha512-IjBOkjrIVIbbZCDQJRdel0FSDcExSLDgMxcCSQ6pKa6oR/t59BJpSpOhB1W9nRwLtvMmGYkS/oyLFsKk65UoYA==",
      "peer": true,
      "dependencies": {
        "tslib": "^2.3.0"
      },
      "engines": {
        "node": "^12.20.0 || ^14.15.0 || >=16.10.0"
      },
      "peerDependencies": {
        "@angular/animations": "13.3.4",
        "@angular/common": "13.3.4",
        "@angular/core": "13.3.4"
      },
      "peerDependenciesMeta": {
        "@angular/animations": {
          "optional": true
        }
      }
    },
    "node_modules/moment": {
      "version": "2.29.3",
      "resolved": "https://registry.npmjs.org/moment/-/moment-2.29.3.tgz",
      "integrity": "sha512-c6YRvhEo//6T2Jz/vVtYzqBzwvPT95JBQ+smCytzf7c50oMZRsR/a4w88aD34I+/QVSfnoAnSBFPJHItlOMJVw==",
      "peer": true,
      "engines": {
        "node": "*"
      }
    },
    "node_modules/parse5": {
      "version": "5.1.1",
      "resolved": "https://registry.npmjs.org/parse5/-/parse5-5.1.1.tgz",
      "integrity": "sha512-ugq4DFI0Ptb+WWjAdOK16+u/nHfiIrcE+sh8kZMaM0WllQKLI9rOUq6c2b7cwPkXdzfQESqvoqK6ug7U/Yyzug==",
      "optional": true,
      "peer": true
    },
    "node_modules/rxjs": {
      "version": "7.5.5",
      "resolved": "https://registry.npmjs.org/rxjs/-/rxjs-7.5.5.tgz",
      "integrity": "sha512-sy+H0pQofO95VDmFLzyaw9xNJU4KTRSwQIGM6+iG3SypAtCiLDzpeG8sJrNCWn2Up9km+KhkvTdbkrdy+yzZdw==",
      "peer": true,
      "dependencies": {
        "tslib": "^2.1.0"
      }
    },
    "node_modules/tslib": {
      "version": "2.4.0",
      "resolved": "https://registry.npmjs.org/tslib/-/tslib-2.4.0.tgz",
      "integrity": "sha512-d6xOpEDfsi2CZVlPQzGeux8XMwLT9hssAsaPYExaQMuYskwb+x1x7J371tWlbBdWHroy99KnVB6qIkUbs5X3UQ=="
    },
    "node_modules/zone.js": {
      "version": "0.11.5",
      "resolved": "https://registry.npmjs.org/zone.js/-/zone.js-0.11.5.tgz",
      "integrity": "sha512-D1/7VxEuQ7xk6z/kAROe4SUbd9CzxY4zOwVGnGHerd/SgLIVU5f4esDzQUsOCeArn933BZfWMKydH7l7dPEp0g==",
      "peer": true,
      "dependencies": {
        "tslib": "^2.3.0"
      }
    }
  },
  "dependencies": {
    "@angular/animations": {
      "version": "13.3.4",
      "resolved": "https://registry.npmjs.org/@angular/animations/-/animations-13.3.4.tgz",
      "integrity": "sha512-cXjjbzYR2hda9BDAu0teJUVbbA03jJTK53vIYnDLIAvN20YRPo9LqINxpUlbAzH6hE8v5xF2LLnAXcaQROVpIw==",
      "peer": true,
      "requires": {
        "tslib": "^2.3.0"
      }
    },
    "@angular/cdk": {
      "version": "13.3.4",
      "resolved": "https://registry.npmjs.org/@angular/cdk/-/cdk-13.3.4.tgz",
      "integrity": "sha512-im4LKxJaIuqFVzmtf650PoiYsn/SZlvBV2zEgzusK8HwQ24C1Lya7NQSApwl8k43h4eKO1OvUKBjqL5uDgEQag==",
      "peer": true,
      "requires": {
        "parse5": "^5.0.0",
        "tslib": "^2.3.0"
      }
    },
    "@angular/common": {
      "version": "13.3.4",
      "resolved": "https://registry.npmjs.org/@angular/common/-/common-13.3.4.tgz",
      "integrity": "sha512-vPZuUGWMXz6r30obBqH+iIG4Feq4YEK/4wUks7PEYGke8MXFPYsNKuHMhKCgYEhabD/4Mo4GEp3i18/3Kk72Mw==",
      "peer": true,
      "requires": {
        "tslib": "^2.3.0"
      }
    },
    "@angular/core": {
      "version": "13.3.4",
      "resolved": "https://registry.npmjs.org/@angular/core/-/core-13.3.4.tgz",
      "integrity": "sha512-PqPwx9oaV0Bh0m0fdI2jtXUC6s04jfD4vyzB4sjEuRI9pRUnZ6M5hZ5Vn/KJVZyt411MevbJfqzUVf0W+GDZew==",
      "peer": true,
      "requires": {
        "tslib": "^2.3.0"
      }
    },
    "@angular/forms": {
      "version": "13.3.4",
      "resolved": "https://registry.npmjs.org/@angular/forms/-/forms-13.3.4.tgz",
      "integrity": "sha512-QHyUXOKYITysaJJ4VnmBacE69oz0rw4G7Y2lhPb2V3a1XsWeO61SZEeGMfAWo7sLoDvi2MCEWNEhl1du4dK14A==",
      "peer": true,
      "requires": {
        "tslib": "^2.3.0"
      }
    },
    "@angular/material": {
      "version": "13.3.4",
      "resolved": "https://registry.npmjs.org/@angular/material/-/material-13.3.4.tgz",
      "integrity": "sha512-jK9rWmBaPrE+3re6uIdyvG5DCzc47VUvnP1DqblNnpaa8GCKllb1cFRGqa5GPYB1/96d3wO+RPwzhC06qqV+yw==",
      "peer": true,
      "requires": {
        "tslib": "^2.3.0"
      }
    },
    "@angular/material-moment-adapter": {
      "version": "13.3.4",
      "resolved": "https://registry.npmjs.org/@angular/material-moment-adapter/-/material-moment-adapter-13.3.4.tgz",
      "integrity": "sha512-0g+n4xjmuoCgfTNTivD5tm0rSvrKEup+jxaNglL+NKFE8NDV4i5rn32r+B4CnSW8HpJJsera628tw2X7LB4MXQ==",
      "requires": {
        "tslib": "^2.3.0"
      }
    },
    "@angular/platform-browser": {
      "version": "13.3.4",
      "resolved": "https://registry.npmjs.org/@angular/platform-browser/-/platform-browser-13.3.4.tgz",
      "integrity": "sha512-IjBOkjrIVIbbZCDQJRdel0FSDcExSLDgMxcCSQ6pKa6oR/t59BJpSpOhB1W9nRwLtvMmGYkS/oyLFsKk65UoYA==",
      "peer": true,
      "requires": {
        "tslib": "^2.3.0"
      }
    },
    "moment": {
      "version": "2.29.3",
      "resolved": "https://registry.npmjs.org/moment/-/moment-2.29.3.tgz",
      "integrity": "sha512-c6YRvhEo//6T2Jz/vVtYzqBzwvPT95JBQ+smCytzf7c50oMZRsR/a4w88aD34I+/QVSfnoAnSBFPJHItlOMJVw==",
      "peer": true
    },
    "parse5": {
      "version": "5.1.1",
      "resolved": "https://registry.npmjs.org/parse5/-/parse5-5.1.1.tgz",
      "integrity": "sha512-ugq4DFI0Ptb+WWjAdOK16+u/nHfiIrcE+sh8kZMaM0WllQKLI9rOUq6c2b7cwPkXdzfQESqvoqK6ug7U/Yyzug==",
      "optional": true,
      "peer": true
    },
    "rxjs": {
      "version": "7.5.5",
      "resolved": "https://registry.npmjs.org/rxjs/-/rxjs-7.5.5.tgz",
      "integrity": "sha512-sy+H0pQofO95VDmFLzyaw9xNJU4KTRSwQIGM6+iG3SypAtCiLDzpeG8sJrNCWn2Up9km+KhkvTdbkrdy+yzZdw==",
      "peer": true,
      "requires": {
        "tslib": "^2.1.0"
      }
    },
    "tslib": {
      "version": "2.4.0",
      "resolved": "https://registry.npmjs.org/tslib/-/tslib-2.4.0.tgz",
      "integrity": "sha512-d6xOpEDfsi2CZVlPQzGeux8XMwLT9hssAsaPYExaQMuYskwb+x1x7J371tWlbBdWHroy99KnVB6qIkUbs5X3UQ=="
    },
    "zone.js": {
      "version": "0.11.5",
      "resolved": "https://registry.npmjs.org/zone.js/-/zone.js-0.11.5.tgz",
      "integrity": "sha512-D1/7VxEuQ7xk6z/kAROe4SUbd9CzxY4zOwVGnGHerd/SgLIVU5f4esDzQUsOCeArn933BZfWMKydH7l7dPEp0g==",
      "peer": true,
      "requires": {
        "tslib": "^2.3.0"
      }
    }
  }
}
